
Microsoft Visual Studio Solution File, Format Version 12.00
Project("{FAE04EC0-301F-11D3-BF4B-00C04F79EFBC}") = "TOGSlowMotion", "TOGSlowMotion\TOGSlowMotion.csproj", "{F951C927-9966-4AFB-B858-64F2AF4505FB}"
EndProject
Global
	GlobalSection(SolutionConfigurationPlatforms) = preSolution
		Debug|Any CPU = Debug|Any CPU
		Release|Any CPU = Release|Any CPU
	EndGlobalSection
	GlobalSection(ProjectConfigurationPlatforms) = postSolution
		{F951C927-9966-4AFB-B858-64F2AF4505FB}.Debug|Any CPU.ActiveCfg = Debug|Any CPU
		{F951C927-9966-4AFB-B858-64F2AF4505FB}.Debug|Any CPU.Build.0 = Debug|Any CPU
		{F951C927-9966-4AFB-B858-64F2AF4505FB}.Release|Any CPU.ActiveCfg = Release|Any CPU
		{F951C927-9966-4AFB-B858-64F2AF4505FB}.Release|Any CPU.Build.0 = Release|Any CPU
	EndGlobalSection
EndGlobal
